
Microsoft Visual Studio Solution File, Format Version 11.00
# Visual Studio 2010
Project("{FAE04EC0-301F-11D3-BF4B-00C04F79EFBC}") = "Phone_MSVC10", "Phone_MSVC10.csproj", "{7166333D-E7FE-4684-B558-50285C2A741F}"
	ProjectSection(ProjectDependencies) = postProject
		{79AC4720-20B1-4698-95C7-24874058C007} = {79AC4720-20B1-4698-95C7-24874058C007}
	EndProjectSection
EndProject
Project("{8BC9CEB8-8B4A-11D0-8D11-00A0C91BC942}") = "qmsl-application-msvc10-external", "..\QMSL\QMSL-MSVC10\qmsl-application-msvc10-external.vcxproj", "{79AC4720-20B1-4698-95C7-24874058C007}"
	ProjectSection(ProjectDependencies) = postProject
		{A0DC6F8E-596F-4ABA-BFEE-7C92D686C4EA} = {A0DC6F8E-596F-4ABA-BFEE-7C92D686C4EA}
		{5EB8A9D8-3FCB-4EC8-A76C-64185AB70D9F} = {5EB8A9D8-3FCB-4EC8-A76C-64185AB70D9F}
	EndProjectSection
EndProject
Project("{8BC9CEB8-8B4A-11D0-8D11-00A0C91BC942}") = "qmsl-lib-cellular-msvc10", "..\..\QMSL_WWAN\qmsl-lib-cellular-msvc10.vcxproj", "{A0DC6F8E-596F-4ABA-BFEE-7C92D686C4EA}"
	ProjectSection(ProjectDependencies) = postProject
		{5EB8A9D8-3FCB-4EC8-A76C-64185AB70D9F} = {5EB8A9D8-3FCB-4EC8-A76C-64185AB70D9F}
	EndProjectSection
EndProject
Project("{8BC9CEB8-8B4A-11D0-8D11-00A0C91BC942}") = "qmsl-lib-core-msvc10", "..\..\QMSL_Core\qmsl-lib-core-msvc10.vcxproj", "{5EB8A9D8-3FCB-4EC8-A76C-64185AB70D9F}"
EndProject
Global
	GlobalSection(SolutionConfigurationPlatforms) = preSolution
		Debug|Any CPU = Debug|Any CPU
		Debug|Mixed Platforms = Debug|Mixed Platforms
		Debug|Win32 = Debug|Win32
		External_Debug|Any CPU = External_Debug|Any CPU
		External_Debug|Mixed Platforms = External_Debug|Mixed Platforms
		External_Debug|Win32 = External_Debug|Win32
		External_Release|Any CPU = External_Release|Any CPU
		External_Release|Mixed Platforms = External_Release|Mixed Platforms
		External_Release|Win32 = External_Release|Win32
		QCALIB_Debug|Any CPU = QCALIB_Debug|Any CPU
		QCALIB_Debug|Mixed Platforms = QCALIB_Debug|Mixed Platforms
		QCALIB_Debug|Win32 = QCALIB_Debug|Win32
		QCALIB_Release|Any CPU = QCALIB_Release|Any CPU
		QCALIB_Release|Mixed Platforms = QCALIB_Release|Mixed Platforms
		QCALIB_Release|Win32 = QCALIB_Release|Win32
		QCALIB_Static_Debug|Any CPU = QCALIB_Static_Debug|Any CPU
		QCALIB_Static_Debug|Mixed Platforms = QCALIB_Static_Debug|Mixed Platforms
		QCALIB_Static_Debug|Win32 = QCALIB_Static_Debug|Win32
		QCALIB_Static_Release|Any CPU = QCALIB_Static_Release|Any CPU
		QCALIB_Static_Release|Mixed Platforms = QCALIB_Static_Release|Mixed Platforms
		QCALIB_Static_Release|Win32 = QCALIB_Static_Release|Win32
		QLIB_Debug|Any CPU = QLIB_Debug|Any CPU
		QLIB_Debug|Mixed Platforms = QLIB_Debug|Mixed Platforms
		QLIB_Debug|Win32 = QLIB_Debug|Win32
		QLIB_Release|Any CPU = QLIB_Release|Any CPU
		QLIB_Release|Mixed Platforms = QLIB_Release|Mixed Platforms
		QLIB_Release|Win32 = QLIB_Release|Win32
		QLIB_SenseID_Debug|Any CPU = QLIB_SenseID_Debug|Any CPU
		QLIB_SenseID_Debug|Mixed Platforms = QLIB_SenseID_Debug|Mixed Platforms
		QLIB_SenseID_Debug|Win32 = QLIB_SenseID_Debug|Win32
		QLIB_SenseID_Release|Any CPU = QLIB_SenseID_Release|Any CPU
		QLIB_SenseID_Release|Mixed Platforms = QLIB_SenseID_Release|Mixed Platforms
		QLIB_SenseID_Release|Win32 = QLIB_SenseID_Release|Win32
		QLIB_Static_Debug_EXE_Runtime|Any CPU = QLIB_Static_Debug_EXE_Runtime|Any CPU
		QLIB_Static_Debug_EXE_Runtime|Mixed Platforms = QLIB_Static_Debug_EXE_Runtime|Mixed Platforms
		QLIB_Static_Debug_EXE_Runtime|Win32 = QLIB_Static_Debug_EXE_Runtime|Win32
		QLIB_Static_Debug_NoPrebuild|Any CPU = QLIB_Static_Debug_NoPrebuild|Any CPU
		QLIB_Static_Debug_NoPrebuild|Mixed Platforms = QLIB_Static_Debug_NoPrebuild|Mixed Platforms
		QLIB_Static_Debug_NoPrebuild|Win32 = QLIB_Static_Debug_NoPrebuild|Win32
		QLIB_Static_Debug|Any CPU = QLIB_Static_Debug|Any CPU
		QLIB_Static_Debug|Mixed Platforms = QLIB_Static_Debug|Mixed Platforms
		QLIB_Static_Debug|Win32 = QLIB_Static_Debug|Win32
		QLIB_Static_Release_EXE_Runtime|Any CPU = QLIB_Static_Release_EXE_Runtime|Any CPU
		QLIB_Static_Release_EXE_Runtime|Mixed Platforms = QLIB_Static_Release_EXE_Runtime|Mixed Platforms
		QLIB_Static_Release_EXE_Runtime|Win32 = QLIB_Static_Release_EXE_Runtime|Win32
		QLIB_Static_Release|Any CPU = QLIB_Static_Release|Any CPU
		QLIB_Static_Release|Mixed Platforms = QLIB_Static_Release|Mixed Platforms
		QLIB_Static_Release|Win32 = QLIB_Static_Release|Win32
		Release|Any CPU = Release|Any CPU
		Release|Mixed Platforms = Release|Mixed Platforms
		Release|Win32 = Release|Win32
	EndGlobalSection
	GlobalSection(ProjectConfigurationPlatforms) = postSolution
		{7166333D-E7FE-4684-B558-50285C2A741F}.Debug|Any CPU.ActiveCfg = Debug|Any CPU
		{7166333D-E7FE-4684-B558-50285C2A741F}.Debug|Any CPU.Build.0 = Debug|Any CPU
		{7166333D-E7FE-4684-B558-50285C2A741F}.Debug|Mixed Platforms.ActiveCfg = Debug|Any CPU
		{7166333D-E7FE-4684-B558-50285C2A741F}.Debug|Mixed Platforms.Build.0 = Debug|Any CPU
		{7166333D-E7FE-4684-B558-50285C2A741F}.Debug|Win32.ActiveCfg = Debug|Any CPU
		{7166333D-E7FE-4684-B558-50285C2A741F}.External_Debug|Any CPU.ActiveCfg = External_Debug|Any CPU
		{7166333D-E7FE-4684-B558-50285C2A741F}.External_Debug|Any CPU.Build.0 = External_Debug|Any CPU
		{7166333D-E7FE-4684-B558-50285C2A741F}.External_Debug|Mixed Platforms.ActiveCfg = External_Debug|Any CPU
		{7166333D-E7FE-4684-B558-50285C2A741F}.External_Debug|Mixed Platforms.Build.0 = External_Debug|Any CPU
		{7166333D-E7FE-4684-B558-50285C2A741F}.External_Debug|Win32.ActiveCfg = External_Debug|Any CPU
		{7166333D-E7FE-4684-B558-50285C2A741F}.External_Release|Any CPU.ActiveCfg = External_Release|Any CPU
		{7166333D-E7FE-4684-B558-50285C2A741F}.External_Release|Any CPU.Build.0 = External_Release|Any CPU
		{7166333D-E7FE-4684-B558-50285C2A741F}.External_Release|Mixed Platforms.ActiveCfg = External_Release|Any CPU
		{7166333D-E7FE-4684-B558-50285C2A741F}.External_Release|Mixed Platforms.Build.0 = External_Release|Any CPU
		{7166333D-E7FE-4684-B558-50285C2A741F}.External_Release|Win32.ActiveCfg = External_Release|Any CPU
		{7166333D-E7FE-4684-B558-50285C2A741F}.QCALIB_Debug|Any CPU.ActiveCfg = Debug|Any CPU
		{7166333D-E7FE-4684-B558-50285C2A741F}.QCALIB_Debug|Any CPU.Build.0 = Debug|Any CPU
		{7166333D-E7FE-4684-B558-50285C2A741F}.QCALIB_Debug|Mixed Platforms.ActiveCfg = Debug|Any CPU
		{7166333D-E7FE-4684-B558-50285C2A741F}.QCALIB_Debug|Mixed Platforms.Build.0 = Debug|Any CPU
		{7166333D-E7FE-4684-B558-50285C2A741F}.QCALIB_Debug|Win32.ActiveCfg = Debug|Any CPU
		{7166333D-E7FE-4684-B558-50285C2A741F}.QCALIB_Release|Any CPU.ActiveCfg = Release|Any CPU
		{7166333D-E7FE-4684-B558-50285C2A741F}.QCALIB_Release|Any CPU.Build.0 = Release|Any CPU
		{7166333D-E7FE-4684-B558-50285C2A741F}.QCALIB_Release|Mixed Platforms.ActiveCfg = Release|Any CPU
		{7166333D-E7FE-4684-B558-50285C2A741F}.QCALIB_Release|Mixed Platforms.Build.0 = Release|Any CPU
		{7166333D-E7FE-4684-B558-50285C2A741F}.QCALIB_Release|Win32.ActiveCfg = Release|Any CPU
		{7166333D-E7FE-4684-B558-50285C2A741F}.QCALIB_Static_Debug|Any CPU.ActiveCfg = Debug|Any CPU
		{7166333D-E7FE-4684-B558-50285C2A741F}.QCALIB_Static_Debug|Any CPU.Build.0 = Debug|Any CPU
		{7166333D-E7FE-4684-B558-50285C2A741F}.QCALIB_Static_Debug|Mixed Platforms.ActiveCfg = Debug|Any CPU
		{7166333D-E7FE-4684-B558-50285C2A741F}.QCALIB_Static_Debug|Mixed Platforms.Build.0 = Debug|Any CPU
		{7166333D-E7FE-4684-B558-50285C2A741F}.QCALIB_Static_Debug|Win32.ActiveCfg = Debug|Any CPU
		{7166333D-E7FE-4684-B558-50285C2A741F}.QCALIB_Static_Release|Any CPU.ActiveCfg = Release|Any CPU
		{7166333D-E7FE-4684-B558-50285C2A741F}.QCALIB_Static_Release|Any CPU.Build.0 = Release|Any CPU
		{7166333D-E7FE-4684-B558-50285C2A741F}.QCALIB_Static_Release|Mixed Platforms.ActiveCfg = Release|Any CPU
		{7166333D-E7FE-4684-B558-50285C2A741F}.QCALIB_Static_Release|Mixed Platforms.Build.0 = Release|Any CPU
		{7166333D-E7FE-4684-B558-50285C2A741F}.QCALIB_Static_Release|Win32.ActiveCfg = Release|Any CPU
		{7166333D-E7FE-4684-B558-50285C2A741F}.QLIB_Debug|Any CPU.ActiveCfg = Debug|Any CPU
		{7166333D-E7FE-4684-B558-50285C2A741F}.QLIB_Debug|Any CPU.Build.0 = Debug|Any CPU
		{7166333D-E7FE-4684-B558-50285C2A741F}.QLIB_Debug|Mixed Platforms.ActiveCfg = Debug|Any CPU
		{7166333D-E7FE-4684-B558-50285C2A741F}.QLIB_Debug|Mixed Platforms.Build.0 = Debug|Any CPU
		{7166333D-E7FE-4684-B558-50285C2A741F}.QLIB_Debug|Win32.ActiveCfg = Debug|Any CPU
		{7166333D-E7FE-4684-B558-50285C2A741F}.QLIB_Release|Any CPU.ActiveCfg = Release|Any CPU
		{7166333D-E7FE-4684-B558-50285C2A741F}.QLIB_Release|Any CPU.Build.0 = Release|Any CPU
		{7166333D-E7FE-4684-B558-50285C2A741F}.QLIB_Release|Mixed Platforms.ActiveCfg = Release|Any CPU
		{7166333D-E7FE-4684-B558-50285C2A741F}.QLIB_Release|Mixed Platforms.Build.0 = Release|Any CPU
		{7166333D-E7FE-4684-B558-50285C2A741F}.QLIB_Release|Win32.ActiveCfg = Release|Any CPU
		{7166333D-E7FE-4684-B558-50285C2A741F}.QLIB_SenseID_Debug|Any CPU.ActiveCfg = Debug|Any CPU
		{7166333D-E7FE-4684-B558-50285C2A741F}.QLIB_SenseID_Debug|Any CPU.Build.0 = Debug|Any CPU
		{7166333D-E7FE-4684-B558-50285C2A741F}.QLIB_SenseID_Debug|Mixed Platforms.ActiveCfg = Debug|Any CPU
		{7166333D-E7FE-4684-B558-50285C2A741F}.QLIB_SenseID_Debug|Mixed Platforms.Build.0 = Debug|Any CPU
		{7166333D-E7FE-4684-B558-50285C2A741F}.QLIB_SenseID_Debug|Win32.ActiveCfg = Debug|Any CPU
		{7166333D-E7FE-4684-B558-50285C2A741F}.QLIB_SenseID_Release|Any CPU.ActiveCfg = Release|Any CPU
		{7166333D-E7FE-4684-B558-50285C2A741F}.QLIB_SenseID_Release|Any CPU.Build.0 = Release|Any CPU
		{7166333D-E7FE-4684-B558-50285C2A741F}.QLIB_SenseID_Release|Mixed Platforms.ActiveCfg = Release|Any CPU
		{7166333D-E7FE-4684-B558-50285C2A741F}.QLIB_SenseID_Release|Mixed Platforms.Build.0 = Release|Any CPU
		{7166333D-E7FE-4684-B558-50285C2A741F}.QLIB_SenseID_Release|Win32.ActiveCfg = Release|Any CPU
		{7166333D-E7FE-4684-B558-50285C2A741F}.QLIB_Static_Debug_EXE_Runtime|Any CPU.ActiveCfg = Debug|Any CPU
		{7166333D-E7FE-4684-B558-50285C2A741F}.QLIB_Static_Debug_EXE_Runtime|Any CPU.Build.0 = Debug|Any CPU
		{7166333D-E7FE-4684-B558-50285C2A741F}.QLIB_Static_Debug_EXE_Runtime|Mixed Platforms.ActiveCfg = Debug|Any CPU
		{7166333D-E7FE-4684-B558-50285C2A741F}.QLIB_Static_Debug_EXE_Runtime|Mixed Platforms.Build.0 = Debug|Any CPU
		{7166333D-E7FE-4684-B558-50285C2A741F}.QLIB_Static_Debug_EXE_Runtime|Win32.ActiveCfg = Debug|Any CPU
		{7166333D-E7FE-4684-B558-50285C2A741F}.QLIB_Static_Debug_NoPrebuild|Any CPU.ActiveCfg = Debug|Any CPU
		{7166333D-E7FE-4684-B558-50285C2A741F}.QLIB_Static_Debug_NoPrebuild|Any CPU.Build.0 = Debug|Any CPU
		{7166333D-E7FE-4684-B558-50285C2A741F}.QLIB_Static_Debug_NoPrebuild|Mixed Platforms.ActiveCfg = Debug|Any CPU
		{7166333D-E7FE-4684-B558-50285C2A741F}.QLIB_Static_Debug_NoPrebuild|Mixed Platforms.Build.0 = Debug|Any CPU
		{7166333D-E7FE-4684-B558-50285C2A741F}.QLIB_Static_Debug_NoPrebuild|Win32.ActiveCfg = Debug|Any CPU
		{7166333D-E7FE-4684-B558-50285C2A741F}.QLIB_Static_Debug|Any CPU.ActiveCfg = Debug|Any CPU
		{7166333D-E7FE-4684-B558-50285C2A741F}.QLIB_Static_Debug|Any CPU.Build.0 = Debug|Any CPU
		{7166333D-E7FE-4684-B558-50285C2A741F}.QLIB_Static_Debug|Mixed Platforms.ActiveCfg = Debug|Any CPU
		{7166333D-E7FE-4684-B558-50285C2A741F}.QLIB_Static_Debug|Mixed Platforms.Build.0 = Debug|Any CPU
		{7166333D-E7FE-4684-B558-50285C2A741F}.QLIB_Static_Debug|Win32.ActiveCfg = Debug|Any CPU
		{7166333D-E7FE-4684-B558-50285C2A741F}.QLIB_Static_Release_EXE_Runtime|Any CPU.ActiveCfg = Release|Any CPU
		{7166333D-E7FE-4684-B558-50285C2A741F}.QLIB_Static_Release_EXE_Runtime|Any CPU.Build.0 = Release|Any CPU
		{7166333D-E7FE-4684-B558-50285C2A741F}.QLIB_Static_Release_EXE_Runtime|Mixed Platforms.ActiveCfg = Release|Any CPU
		{7166333D-E7FE-4684-B558-50285C2A741F}.QLIB_Static_Release_EXE_Runtime|Mixed Platforms.Build.0 = Release|Any CPU
		{7166333D-E7FE-4684-B558-50285C2A741F}.QLIB_Static_Release_EXE_Runtime|Win32.ActiveCfg = Release|Any CPU
		{7166333D-E7FE-4684-B558-50285C2A741F}.QLIB_Static_Release|Any CPU.ActiveCfg = Release|Any CPU
		{7166333D-E7FE-4684-B558-50285C2A741F}.QLIB_Static_Release|Any CPU.Build.0 = Release|Any CPU
		{7166333D-E7FE-4684-B558-50285C2A741F}.QLIB_Static_Release|Mixed Platforms.ActiveCfg = Release|Any CPU
		{7166333D-E7FE-4684-B558-50285C2A741F}.QLIB_Static_Release|Mixed Platforms.Build.0 = Release|Any CPU
		{7166333D-E7FE-4684-B558-50285C2A741F}.QLIB_Static_Release|Win32.ActiveCfg = Release|Any CPU
		{7166333D-E7FE-4684-B558-50285C2A741F}.Release|Any CPU.ActiveCfg = Release|Any CPU
		{7166333D-E7FE-4684-B558-50285C2A741F}.Release|Any CPU.Build.0 = Release|Any CPU
		{7166333D-E7FE-4684-B558-50285C2A741F}.Release|Mixed Platforms.ActiveCfg = Release|Any CPU
		{7166333D-E7FE-4684-B558-50285C2A741F}.Release|Mixed Platforms.Build.0 = Release|Any CPU
		{7166333D-E7FE-4684-B558-50285C2A741F}.Release|Win32.ActiveCfg = Release|Any CPU
		{79AC4720-20B1-4698-95C7-24874058C007}.Debug|Any CPU.ActiveCfg = QLIB_Static_Release|Win32
		{79AC4720-20B1-4698-95C7-24874058C007}.Debug|Mixed Platforms.ActiveCfg = QLIB_Debug|Win32
		{79AC4720-20B1-4698-95C7-24874058C007}.Debug|Mixed Platforms.Build.0 = QLIB_Debug|Win32
		{79AC4720-20B1-4698-95C7-24874058C007}.Debug|Win32.ActiveCfg = QLIB_Static_Debug|Win32
		{79AC4720-20B1-4698-95C7-24874058C007}.Debug|Win32.Build.0 = QLIB_Static_Debug|Win32
		{79AC4720-20B1-4698-95C7-24874058C007}.External_Debug|Any CPU.ActiveCfg = QLIB_Static_Release|Win32
		{79AC4720-20B1-4698-95C7-24874058C007}.External_Debug|Mixed Platforms.ActiveCfg = QLIB_Static_Release|Win32
		{79AC4720-20B1-4698-95C7-24874058C007}.External_Debug|Mixed Platforms.Build.0 = QLIB_Static_Release|Win32
		{79AC4720-20B1-4698-95C7-24874058C007}.External_Debug|Win32.ActiveCfg = QLIB_Static_Release|Win32
		{79AC4720-20B1-4698-95C7-24874058C007}.External_Debug|Win32.Build.0 = QLIB_Static_Release|Win32
		{79AC4720-20B1-4698-95C7-24874058C007}.External_Release|Any CPU.ActiveCfg = QLIB_Static_Release|Win32
		{79AC4720-20B1-4698-95C7-24874058C007}.External_Release|Mixed Platforms.ActiveCfg = QLIB_Release|Win32
		{79AC4720-20B1-4698-95C7-24874058C007}.External_Release|Mixed Platforms.Build.0 = QLIB_Release|Win32
		{79AC4720-20B1-4698-95C7-24874058C007}.External_Release|Win32.ActiveCfg = QLIB_Static_Release|Win32
		{79AC4720-20B1-4698-95C7-24874058C007}.External_Release|Win32.Build.0 = QLIB_Static_Release|Win32
		{79AC4720-20B1-4698-95C7-24874058C007}.QCALIB_Debug|Any CPU.ActiveCfg = QLIB_Static_Release|Win32
		{79AC4720-20B1-4698-95C7-24874058C007}.QCALIB_Debug|Mixed Platforms.ActiveCfg = QLIB_Static_Release|Win32
		{79AC4720-20B1-4698-95C7-24874058C007}.QCALIB_Debug|Mixed Platforms.Build.0 = QLIB_Static_Release|Win32
		{79AC4720-20B1-4698-95C7-24874058C007}.QCALIB_Debug|Win32.ActiveCfg = QLIB_Static_Release|Win32
		{79AC4720-20B1-4698-95C7-24874058C007}.QCALIB_Debug|Win32.Build.0 = QLIB_Static_Release|Win32
		{79AC4720-20B1-4698-95C7-24874058C007}.QCALIB_Release|Any CPU.ActiveCfg = QLIB_Static_Release|Win32
		{79AC4720-20B1-4698-95C7-24874058C007}.QCALIB_Release|Mixed Platforms.ActiveCfg = QLIB_Static_Release|Win32
		{79AC4720-20B1-4698-95C7-24874058C007}.QCALIB_Release|Mixed Platforms.Build.0 = QLIB_Static_Release|Win32
		{79AC4720-20B1-4698-95C7-24874058C007}.QCALIB_Release|Win32.ActiveCfg = QLIB_Static_Release|Win32
		{79AC4720-20B1-4698-95C7-24874058C007}.QCALIB_Release|Win32.Build.0 = QLIB_Static_Release|Win32
		{79AC4720-20B1-4698-95C7-24874058C007}.QCALIB_Static_Debug|Any CPU.ActiveCfg = QLIB_Static_Release|Win32
		{79AC4720-20B1-4698-95C7-24874058C007}.QCALIB_Static_Debug|Mixed Platforms.ActiveCfg = QLIB_Static_Release|Win32
		{79AC4720-20B1-4698-95C7-24874058C007}.QCALIB_Static_Debug|Mixed Platforms.Build.0 = QLIB_Static_Release|Win32
		{79AC4720-20B1-4698-95C7-24874058C007}.QCALIB_Static_Debug|Win32.ActiveCfg = QLIB_Static_Release|Win32
		{79AC4720-20B1-4698-95C7-24874058C007}.QCALIB_Static_Debug|Win32.Build.0 = QLIB_Static_Release|Win32
		{79AC4720-20B1-4698-95C7-24874058C007}.QCALIB_Static_Release|Any CPU.ActiveCfg = QLIB_Static_Release|Win32
		{79AC4720-20B1-4698-95C7-24874058C007}.QCALIB_Static_Release|Mixed Platforms.ActiveCfg = QLIB_Static_Release|Win32
		{79AC4720-20B1-4698-95C7-24874058C007}.QCALIB_Static_Release|Mixed Platforms.Build.0 = QLIB_Static_Release|Win32
		{79AC4720-20B1-4698-95C7-24874058C007}.QCALIB_Static_Release|Win32.ActiveCfg = QLIB_Static_Release|Win32
		{79AC4720-20B1-4698-95C7-24874058C007}.QCALIB_Static_Release|Win32.Build.0 = QLIB_Static_Release|Win32
		{79AC4720-20B1-4698-95C7-24874058C007}.QLIB_Debug|Any CPU.ActiveCfg = QLIB_Debug|Win32
		{79AC4720-20B1-4698-95C7-24874058C007}.QLIB_Debug|Mixed Platforms.ActiveCfg = QLIB_Debug|Win32
		{79AC4720-20B1-4698-95C7-24874058C007}.QLIB_Debug|Mixed Platforms.Build.0 = QLIB_Debug|Win32
		{79AC4720-20B1-4698-95C7-24874058C007}.QLIB_Debug|Win32.ActiveCfg = QLIB_Debug|Win32
		{79AC4720-20B1-4698-95C7-24874058C007}.QLIB_Debug|Win32.Build.0 = QLIB_Debug|Win32
		{79AC4720-20B1-4698-95C7-24874058C007}.QLIB_Release|Any CPU.ActiveCfg = QLIB_Release|Win32
		{79AC4720-20B1-4698-95C7-24874058C007}.QLIB_Release|Mixed Platforms.ActiveCfg = QLIB_Release|Win32
		{79AC4720-20B1-4698-95C7-24874058C007}.QLIB_Release|Mixed Platforms.Build.0 = QLIB_Release|Win32
		{79AC4720-20B1-4698-95C7-24874058C007}.QLIB_Release|Win32.ActiveCfg = QLIB_Release|Win32
		{79AC4720-20B1-4698-95C7-24874058C007}.QLIB_Release|Win32.Build.0 = QLIB_Release|Win32
		{79AC4720-20B1-4698-95C7-24874058C007}.QLIB_SenseID_Debug|Any CPU.ActiveCfg = QLIB_Static_Release|Win32
		{79AC4720-20B1-4698-95C7-24874058C007}.QLIB_SenseID_Debug|Mixed Platforms.ActiveCfg = QLIB_Static_Release|Win32
		{79AC4720-20B1-4698-95C7-24874058C007}.QLIB_SenseID_Debug|Mixed Platforms.Build.0 = QLIB_Static_Release|Win32
		{79AC4720-20B1-4698-95C7-24874058C007}.QLIB_SenseID_Debug|Win32.ActiveCfg = QLIB_Static_Release|Win32
		{79AC4720-20B1-4698-95C7-24874058C007}.QLIB_SenseID_Debug|Win32.Build.0 = QLIB_Static_Release|Win32
		{79AC4720-20B1-4698-95C7-24874058C007}.QLIB_SenseID_Release|Any CPU.ActiveCfg = QLIB_Static_Release|Win32
		{79AC4720-20B1-4698-95C7-24874058C007}.QLIB_SenseID_Release|Mixed Platforms.ActiveCfg = QLIB_Static_Release|Win32
		{79AC4720-20B1-4698-95C7-24874058C007}.QLIB_SenseID_Release|Mixed Platforms.Build.0 = QLIB_Static_Release|Win32
		{79AC4720-20B1-4698-95C7-24874058C007}.QLIB_SenseID_Release|Win32.ActiveCfg = QLIB_Static_Release|Win32
		{79AC4720-20B1-4698-95C7-24874058C007}.QLIB_SenseID_Release|Win32.Build.0 = QLIB_Static_Release|Win32
		{79AC4720-20B1-4698-95C7-24874058C007}.QLIB_Static_Debug_EXE_Runtime|Any CPU.ActiveCfg = QLIB_Static_Debug_EXE_Runtime|Win32
		{79AC4720-20B1-4698-95C7-24874058C007}.QLIB_Static_Debug_EXE_Runtime|Mixed Platforms.ActiveCfg = QLIB_Static_Debug_EXE_Runtime|Win32
		{79AC4720-20B1-4698-95C7-24874058C007}.QLIB_Static_Debug_EXE_Runtime|Mixed Platforms.Build.0 = QLIB_Static_Debug_EXE_Runtime|Win32
		{79AC4720-20B1-4698-95C7-24874058C007}.QLIB_Static_Debug_EXE_Runtime|Win32.ActiveCfg = QLIB_Static_Debug_EXE_Runtime|Win32
		{79AC4720-20B1-4698-95C7-24874058C007}.QLIB_Static_Debug_EXE_Runtime|Win32.Build.0 = QLIB_Static_Debug_EXE_Runtime|Win32
		{79AC4720-20B1-4698-95C7-24874058C007}.QLIB_Static_Debug_NoPrebuild|Any CPU.ActiveCfg = QLIB_Static_Debug_EXE_Runtime|Win32
		{79AC4720-20B1-4698-95C7-24874058C007}.QLIB_Static_Debug_NoPrebuild|Mixed Platforms.ActiveCfg = QLIB_Static_Debug_EXE_Runtime|Win32
		{79AC4720-20B1-4698-95C7-24874058C007}.QLIB_Static_Debug_NoPrebuild|Mixed Platforms.Build.0 = QLIB_Static_Debug_EXE_Runtime|Win32
		{79AC4720-20B1-4698-95C7-24874058C007}.QLIB_Static_Debug_NoPrebuild|Win32.ActiveCfg = QLIB_Static_Debug_EXE_Runtime|Win32
		{79AC4720-20B1-4698-95C7-24874058C007}.QLIB_Static_Debug_NoPrebuild|Win32.Build.0 = QLIB_Static_Debug_EXE_Runtime|Win32
		{79AC4720-20B1-4698-95C7-24874058C007}.QLIB_Static_Debug|Any CPU.ActiveCfg = QLIB_Static_Debug|Win32
		{79AC4720-20B1-4698-95C7-24874058C007}.QLIB_Static_Debug|Mixed Platforms.ActiveCfg = QLIB_Static_Debug|Win32
		{79AC4720-20B1-4698-95C7-24874058C007}.QLIB_Static_Debug|Mixed Platforms.Build.0 = QLIB_Static_Debug|Win32
		{79AC4720-20B1-4698-95C7-24874058C007}.QLIB_Static_Debug|Win32.ActiveCfg = QLIB_Static_Debug|Win32
		{79AC4720-20B1-4698-95C7-24874058C007}.QLIB_Static_Debug|Win32.Build.0 = QLIB_Static_Debug|Win32
		{79AC4720-20B1-4698-95C7-24874058C007}.QLIB_Static_Release_EXE_Runtime|Any CPU.ActiveCfg = QLIB_Static_Release_EXE_Runtime|Win32
		{79AC4720-20B1-4698-95C7-24874058C007}.QLIB_Static_Release_EXE_Runtime|Mixed Platforms.ActiveCfg = QLIB_Static_Release_EXE_Runtime|Win32
		{79AC4720-20B1-4698-95C7-24874058C007}.QLIB_Static_Release_EXE_Runtime|Mixed Platforms.Build.0 = QLIB_Static_Release_EXE_Runtime|Win32
		{79AC4720-20B1-4698-95C7-24874058C007}.QLIB_Static_Release_EXE_Runtime|Win32.ActiveCfg = QLIB_Static_Release_EXE_Runtime|Win32
		{79AC4720-20B1-4698-95C7-24874058C007}.QLIB_Static_Release_EXE_Runtime|Win32.Build.0 = QLIB_Static_Release_EXE_Runtime|Win32
		{79AC4720-20B1-4698-95C7-24874058C007}.QLIB_Static_Release|Any CPU.ActiveCfg = QLIB_Static_Release|Win32
		{79AC4720-20B1-4698-95C7-24874058C007}.QLIB_Static_Release|Mixed Platforms.ActiveCfg = QLIB_Static_Release|Win32
		{79AC4720-20B1-4698-95C7-24874058C007}.QLIB_Static_Release|Mixed Platforms.Build.0 = QLIB_Static_Release|Win32
		{79AC4720-20B1-4698-95C7-24874058C007}.QLIB_Static_Release|Win32.ActiveCfg = QLIB_Static_Release|Win32
		{79AC4720-20B1-4698-95C7-24874058C007}.QLIB_Static_Release|Win32.Build.0 = QLIB_Static_Release|Win32
		{79AC4720-20B1-4698-95C7-24874058C007}.Release|Any CPU.ActiveCfg = QLIB_Static_Release|Win32
		{79AC4720-20B1-4698-95C7-24874058C007}.Release|Mixed Platforms.ActiveCfg = QLIB_Static_Release|Win32
		{79AC4720-20B1-4698-95C7-24874058C007}.Release|Mixed Platforms.Build.0 = QLIB_Static_Release|Win32
		{79AC4720-20B1-4698-95C7-24874058C007}.Release|Win32.ActiveCfg = QLIB_Static_Release|Win32
		{79AC4720-20B1-4698-95C7-24874058C007}.Release|Win32.Build.0 = QLIB_Static_Release|Win32
		{A0DC6F8E-596F-4ABA-BFEE-7C92D686C4EA}.Debug|Any CPU.ActiveCfg = Debug|Win32
		{A0DC6F8E-596F-4ABA-BFEE-7C92D686C4EA}.Debug|Mixed Platforms.ActiveCfg = Debug|Win32
		{A0DC6F8E-596F-4ABA-BFEE-7C92D686C4EA}.Debug|Mixed Platforms.Build.0 = Debug|Win32
		{A0DC6F8E-596F-4ABA-BFEE-7C92D686C4EA}.Debug|Win32.ActiveCfg = Debug|Win32
		{A0DC6F8E-596F-4ABA-BFEE-7C92D686C4EA}.Debug|Win32.Build.0 = Debug|Win32
		{A0DC6F8E-596F-4ABA-BFEE-7C92D686C4EA}.External_Debug|Any CPU.ActiveCfg = Debug|Win32
		{A0DC6F8E-596F-4ABA-BFEE-7C92D686C4EA}.External_Debug|Mixed Platforms.ActiveCfg = Debug|Win32
		{A0DC6F8E-596F-4ABA-BFEE-7C92D686C4EA}.External_Debug|Mixed Platforms.Build.0 = Debug|Win32
		{A0DC6F8E-596F-4ABA-BFEE-7C92D686C4EA}.External_Debug|Win32.ActiveCfg = Debug|Win32
		{A0DC6F8E-596F-4ABA-BFEE-7C92D686C4EA}.External_Debug|Win32.Build.0 = Debug|Win32
		{A0DC6F8E-596F-4ABA-BFEE-7C92D686C4EA}.External_Release|Any CPU.ActiveCfg = Release|Win32
		{A0DC6F8E-596F-4ABA-BFEE-7C92D686C4EA}.External_Release|Mixed Platforms.ActiveCfg = Release|Win32
		{A0DC6F8E-596F-4ABA-BFEE-7C92D686C4EA}.External_Release|Mixed Platforms.Build.0 = Release|Win32
		{A0DC6F8E-596F-4ABA-BFEE-7C92D686C4EA}.External_Release|Win32.ActiveCfg = Release|Win32
		{A0DC6F8E-596F-4ABA-BFEE-7C92D686C4EA}.External_Release|Win32.Build.0 = Release|Win32
		{A0DC6F8E-596F-4ABA-BFEE-7C92D686C4EA}.QCALIB_Debug|Any CPU.ActiveCfg = Debug|Win32
		{A0DC6F8E-596F-4ABA-BFEE-7C92D686C4EA}.QCALIB_Debug|Mixed Platforms.ActiveCfg = Debug|Win32
		{A0DC6F8E-596F-4ABA-BFEE-7C92D686C4EA}.QCALIB_Debug|Mixed Platforms.Build.0 = Debug|Win32
		{A0DC6F8E-596F-4ABA-BFEE-7C92D686C4EA}.QCALIB_Debug|Win32.ActiveCfg = Debug|Win32
		{A0DC6F8E-596F-4ABA-BFEE-7C92D686C4EA}.QCALIB_Debug|Win32.Build.0 = Debug|Win32
		{A0DC6F8E-596F-4ABA-BFEE-7C92D686C4EA}.QCALIB_Release|Any CPU.ActiveCfg = Release|Win32
		{A0DC6F8E-596F-4ABA-BFEE-7C92D686C4EA}.QCALIB_Release|Mixed Platforms.ActiveCfg = Release|Win32
		{A0DC6F8E-596F-4ABA-BFEE-7C92D686C4EA}.QCALIB_Release|Mixed Platforms.Build.0 = Release|Win32
		{A0DC6F8E-596F-4ABA-BFEE-7C92D686C4EA}.QCALIB_Release|Win32.ActiveCfg = Release|Win32
		{A0DC6F8E-596F-4ABA-BFEE-7C92D686C4EA}.QCALIB_Release|Win32.Build.0 = Release|Win32
		{A0DC6F8E-596F-4ABA-BFEE-7C92D686C4EA}.QCALIB_Static_Debug|Any CPU.ActiveCfg = Debug|Win32
		{A0DC6F8E-596F-4ABA-BFEE-7C92D686C4EA}.QCALIB_Static_Debug|Mixed Platforms.ActiveCfg = Debug|Win32
		{A0DC6F8E-596F-4ABA-BFEE-7C92D686C4EA}.QCALIB_Static_Debug|Mixed Platforms.Build.0 = Debug|Win32
		{A0DC6F8E-596F-4ABA-BFEE-7C92D686C4EA}.QCALIB_Static_Debug|Win32.ActiveCfg = Debug|Win32
		{A0DC6F8E-596F-4ABA-BFEE-7C92D686C4EA}.QCALIB_Static_Debug|Win32.Build.0 = Debug|Win32
		{A0DC6F8E-596F-4ABA-BFEE-7C92D686C4EA}.QCALIB_Static_Release|Any CPU.ActiveCfg = Release|Win32
		{A0DC6F8E-596F-4ABA-BFEE-7C92D686C4EA}.QCALIB_Static_Release|Mixed Platforms.ActiveCfg = Release|Win32
		{A0DC6F8E-596F-4ABA-BFEE-7C92D686C4EA}.QCALIB_Static_Release|Mixed Platforms.Build.0 = Release|Win32
		{A0DC6F8E-596F-4ABA-BFEE-7C92D686C4EA}.QCALIB_Static_Release|Win32.ActiveCfg = Release|Win32
		{A0DC6F8E-596F-4ABA-BFEE-7C92D686C4EA}.QCALIB_Static_Release|Win32.Build.0 = Release|Win32
		{A0DC6F8E-596F-4ABA-BFEE-7C92D686C4EA}.QLIB_Debug|Any CPU.ActiveCfg = Debug|Win32
		{A0DC6F8E-596F-4ABA-BFEE-7C92D686C4EA}.QLIB_Debug|Mixed Platforms.ActiveCfg = Debug|Win32
		{A0DC6F8E-596F-4ABA-BFEE-7C92D686C4EA}.QLIB_Debug|Mixed Platforms.Build.0 = Debug|Win32
		{A0DC6F8E-596F-4ABA-BFEE-7C92D686C4EA}.QLIB_Debug|Win32.ActiveCfg = Debug|Win32
		{A0DC6F8E-596F-4ABA-BFEE-7C92D686C4EA}.QLIB_Debug|Win32.Build.0 = Debug|Win32
		{A0DC6F8E-596F-4ABA-BFEE-7C92D686C4EA}.QLIB_Release|Any CPU.ActiveCfg = Release|Win32
		{A0DC6F8E-596F-4ABA-BFEE-7C92D686C4EA}.QLIB_Release|Mixed Platforms.ActiveCfg = Release|Win32
		{A0DC6F8E-596F-4ABA-BFEE-7C92D686C4EA}.QLIB_Release|Mixed Platforms.Build.0 = Release|Win32
		{A0DC6F8E-596F-4ABA-BFEE-7C92D686C4EA}.QLIB_Release|Win32.ActiveCfg = Release|Win32
		{A0DC6F8E-596F-4ABA-BFEE-7C92D686C4EA}.QLIB_Release|Win32.Build.0 = Release|Win32
		{A0DC6F8E-596F-4ABA-BFEE-7C92D686C4EA}.QLIB_SenseID_Debug|Any CPU.ActiveCfg = Debug|Win32
		{A0DC6F8E-596F-4ABA-BFEE-7C92D686C4EA}.QLIB_SenseID_Debug|Mixed Platforms.ActiveCfg = Debug|Win32
		{A0DC6F8E-596F-4ABA-BFEE-7C92D686C4EA}.QLIB_SenseID_Debug|Mixed Platforms.Build.0 = Debug|Win32
		{A0DC6F8E-596F-4ABA-BFEE-7C92D686C4EA}.QLIB_SenseID_Debug|Win32.ActiveCfg = Debug|Win32
		{A0DC6F8E-596F-4ABA-BFEE-7C92D686C4EA}.QLIB_SenseID_Debug|Win32.Build.0 = Debug|Win32
		{A0DC6F8E-596F-4ABA-BFEE-7C92D686C4EA}.QLIB_SenseID_Release|Any CPU.ActiveCfg = Release|Win32
		{A0DC6F8E-596F-4ABA-BFEE-7C92D686C4EA}.QLIB_SenseID_Release|Mixed Platforms.ActiveCfg = Release|Win32
		{A0DC6F8E-596F-4ABA-BFEE-7C92D686C4EA}.QLIB_SenseID_Release|Mixed Platforms.Build.0 = Release|Win32
		{A0DC6F8E-596F-4ABA-BFEE-7C92D686C4EA}.QLIB_SenseID_Release|Win32.ActiveCfg = Release|Win32
		{A0DC6F8E-596F-4ABA-BFEE-7C92D686C4EA}.QLIB_SenseID_Release|Win32.Build.0 = Release|Win32
		{A0DC6F8E-596F-4ABA-BFEE-7C92D686C4EA}.QLIB_Static_Debug_EXE_Runtime|Any CPU.ActiveCfg = Debug|Win32
		{A0DC6F8E-596F-4ABA-BFEE-7C92D686C4EA}.QLIB_Static_Debug_EXE_Runtime|Mixed Platforms.ActiveCfg = Debug|Win32
		{A0DC6F8E-596F-4ABA-BFEE-7C92D686C4EA}.QLIB_Static_Debug_EXE_Runtime|Mixed Platforms.Build.0 = Debug|Win32
		{A0DC6F8E-596F-4ABA-BFEE-7C92D686C4EA}.QLIB_Static_Debug_EXE_Runtime|Win32.ActiveCfg = Debug|Win32
		{A0DC6F8E-596F-4ABA-BFEE-7C92D686C4EA}.QLIB_Static_Debug_EXE_Runtime|Win32.Build.0 = Debug|Win32
		{A0DC6F8E-596F-4ABA-BFEE-7C92D686C4EA}.QLIB_Static_Debug_NoPrebuild|Any CPU.ActiveCfg = Debug|Win32
		{A0DC6F8E-596F-4ABA-BFEE-7C92D686C4EA}.QLIB_Static_Debug_NoPrebuild|Mixed Platforms.ActiveCfg = Debug|Win32
		{A0DC6F8E-596F-4ABA-BFEE-7C92D686C4EA}.QLIB_Static_Debug_NoPrebuild|Mixed Platforms.Build.0 = Debug|Win32
		{A0DC6F8E-596F-4ABA-BFEE-7C92D686C4EA}.QLIB_Static_Debug_NoPrebuild|Win32.ActiveCfg = Debug|Win32
		{A0DC6F8E-596F-4ABA-BFEE-7C92D686C4EA}.QLIB_Static_Debug_NoPrebuild|Win32.Build.0 = Debug|Win32
		{A0DC6F8E-596F-4ABA-BFEE-7C92D686C4EA}.QLIB_Static_Debug|Any CPU.ActiveCfg = Debug|Win32
		{A0DC6F8E-596F-4ABA-BFEE-7C92D686C4EA}.QLIB_Static_Debug|Mixed Platforms.ActiveCfg = Debug|Win32
		{A0DC6F8E-596F-4ABA-BFEE-7C92D686C4EA}.QLIB_Static_Debug|Mixed Platforms.Build.0 = Debug|Win32
		{A0DC6F8E-596F-4ABA-BFEE-7C92D686C4EA}.QLIB_Static_Debug|Win32.ActiveCfg = Debug|Win32
		{A0DC6F8E-596F-4ABA-BFEE-7C92D686C4EA}.QLIB_Static_Debug|Win32.Build.0 = Debug|Win32
		{A0DC6F8E-596F-4ABA-BFEE-7C92D686C4EA}.QLIB_Static_Release_EXE_Runtime|Any CPU.ActiveCfg = Release|Win32
		{A0DC6F8E-596F-4ABA-BFEE-7C92D686C4EA}.QLIB_Static_Release_EXE_Runtime|Mixed Platforms.ActiveCfg = Release|Win32
		{A0DC6F8E-596F-4ABA-BFEE-7C92D686C4EA}.QLIB_Static_Release_EXE_Runtime|Mixed Platforms.Build.0 = Release|Win32
		{A0DC6F8E-596F-4ABA-BFEE-7C92D686C4EA}.QLIB_Static_Release_EXE_Runtime|Win32.ActiveCfg = Release|Win32
		{A0DC6F8E-596F-4ABA-BFEE-7C92D686C4EA}.QLIB_Static_Release_EXE_Runtime|Win32.Build.0 = Release|Win32
		{A0DC6F8E-596F-4ABA-BFEE-7C92D686C4EA}.QLIB_Static_Release|Any CPU.ActiveCfg = Release|Win32
		{A0DC6F8E-596F-4ABA-BFEE-7C92D686C4EA}.QLIB_Static_Release|Mixed Platforms.ActiveCfg = Release|Win32
		{A0DC6F8E-596F-4ABA-BFEE-7C92D686C4EA}.QLIB_Static_Release|Mixed Platforms.Build.0 = Release|Win32
		{A0DC6F8E-596F-4ABA-BFEE-7C92D686C4EA}.QLIB_Static_Release|Win32.ActiveCfg = Release|Win32
		{A0DC6F8E-596F-4ABA-BFEE-7C92D686C4EA}.QLIB_Static_Release|Win32.Build.0 = Release|Win32
		{A0DC6F8E-596F-4ABA-BFEE-7C92D686C4EA}.Release|Any CPU.ActiveCfg = Release|Win32
		{A0DC6F8E-596F-4ABA-BFEE-7C92D686C4EA}.Release|Mixed Platforms.ActiveCfg = Release|Win32
		{A0DC6F8E-596F-4ABA-BFEE-7C92D686C4EA}.Release|Mixed Platforms.Build.0 = Release|Win32
		{A0DC6F8E-596F-4ABA-BFEE-7C92D686C4EA}.Release|Win32.ActiveCfg = Release|Win32
		{A0DC6F8E-596F-4ABA-BFEE-7C92D686C4EA}.Release|Win32.Build.0 = Release|Win32
		{5EB8A9D8-3FCB-4EC8-A76C-64185AB70D9F}.Debug|Any CPU.ActiveCfg = Debug|Win32
		{5EB8A9D8-3FCB-4EC8-A76C-64185AB70D9F}.Debug|Mixed Platforms.ActiveCfg = Debug|Win32
		{5EB8A9D8-3FCB-4EC8-A76C-64185AB70D9F}.Debug|Mixed Platforms.Build.0 = Debug|Win32
		{5EB8A9D8-3FCB-4EC8-A76C-64185AB70D9F}.Debug|Win32.ActiveCfg = Debug|Win32
		{5EB8A9D8-3FCB-4EC8-A76C-64185AB70D9F}.Debug|Win32.Build.0 = Debug|Win32
		{5EB8A9D8-3FCB-4EC8-A76C-64185AB70D9F}.External_Debug|Any CPU.ActiveCfg = Debug|Win32
		{5EB8A9D8-3FCB-4EC8-A76C-64185AB70D9F}.External_Debug|Mixed Platforms.ActiveCfg = Debug|Win32
		{5EB8A9D8-3FCB-4EC8-A76C-64185AB70D9F}.External_Debug|Mixed Platforms.Build.0 = Debug|Win32
		{5EB8A9D8-3FCB-4EC8-A76C-64185AB70D9F}.External_Debug|Win32.ActiveCfg = Debug|Win32
		{5EB8A9D8-3FCB-4EC8-A76C-64185AB70D9F}.External_Debug|Win32.Build.0 = Debug|Win32
		{5EB8A9D8-3FCB-4EC8-A76C-64185AB70D9F}.External_Release|Any CPU.ActiveCfg = Release|Win32
		{5EB8A9D8-3FCB-4EC8-A76C-64185AB70D9F}.External_Release|Mixed Platforms.ActiveCfg = Release|Win32
		{5EB8A9D8-3FCB-4EC8-A76C-64185AB70D9F}.External_Release|Mixed Platforms.Build.0 = Release|Win32
		{5EB8A9D8-3FCB-4EC8-A76C-64185AB70D9F}.External_Release|Win32.ActiveCfg = Release|Win32
		{5EB8A9D8-3FCB-4EC8-A76C-64185AB70D9F}.External_Release|Win32.Build.0 = Release|Win32
		{5EB8A9D8-3FCB-4EC8-A76C-64185AB70D9F}.QCALIB_Debug|Any CPU.ActiveCfg = Debug|Win32
		{5EB8A9D8-3FCB-4EC8-A76C-64185AB70D9F}.QCALIB_Debug|Mixed Platforms.ActiveCfg = Debug|Win32
		{5EB8A9D8-3FCB-4EC8-A76C-64185AB70D9F}.QCALIB_Debug|Mixed Platforms.Build.0 = Debug|Win32
		{5EB8A9D8-3FCB-4EC8-A76C-64185AB70D9F}.QCALIB_Debug|Win32.ActiveCfg = Debug|Win32
		{5EB8A9D8-3FCB-4EC8-A76C-64185AB70D9F}.QCALIB_Debug|Win32.Build.0 = Debug|Win32
		{5EB8A9D8-3FCB-4EC8-A76C-64185AB70D9F}.QCALIB_Release|Any CPU.ActiveCfg = Release|Win32
		{5EB8A9D8-3FCB-4EC8-A76C-64185AB70D9F}.QCALIB_Release|Mixed Platforms.ActiveCfg = Release|Win32
		{5EB8A9D8-3FCB-4EC8-A76C-64185AB70D9F}.QCALIB_Release|Mixed Platforms.Build.0 = Release|Win32
		{5EB8A9D8-3FCB-4EC8-A76C-64185AB70D9F}.QCALIB_Release|Win32.ActiveCfg = Release|Win32
		{5EB8A9D8-3FCB-4EC8-A76C-64185AB70D9F}.QCALIB_Release|Win32.Build.0 = Release|Win32
		{5EB8A9D8-3FCB-4EC8-A76C-64185AB70D9F}.QCALIB_Static_Debug|Any CPU.ActiveCfg = Debug|Win32
		{5EB8A9D8-3FCB-4EC8-A76C-64185AB70D9F}.QCALIB_Static_Debug|Mixed Platforms.ActiveCfg = Debug|Win32
		{5EB8A9D8-3FCB-4EC8-A76C-64185AB70D9F}.QCALIB_Static_Debug|Mixed Platforms.Build.0 = Debug|Win32
		{5EB8A9D8-3FCB-4EC8-A76C-64185AB70D9F}.QCALIB_Static_Debug|Win32.ActiveCfg = Debug|Win32
		{5EB8A9D8-3FCB-4EC8-A76C-64185AB70D9F}.QCALIB_Static_Debug|Win32.Build.0 = Debug|Win32
		{5EB8A9D8-3FCB-4EC8-A76C-64185AB70D9F}.QCALIB_Static_Release|Any CPU.ActiveCfg = Release|Win32
		{5EB8A9D8-3FCB-4EC8-A76C-64185AB70D9F}.QCALIB_Static_Release|Mixed Platforms.ActiveCfg = Release|Win32
		{5EB8A9D8-3FCB-4EC8-A76C-64185AB70D9F}.QCALIB_Static_Release|Mixed Platforms.Build.0 = Release|Win32
		{5EB8A9D8-3FCB-4EC8-A76C-64185AB70D9F}.QCALIB_Static_Release|Win32.ActiveCfg = Release|Win32
		{5EB8A9D8-3FCB-4EC8-A76C-64185AB70D9F}.QCALIB_Static_Release|Win32.Build.0 = Release|Win32
		{5EB8A9D8-3FCB-4EC8-A76C-64185AB70D9F}.QLIB_Debug|Any CPU.ActiveCfg = Debug|Win32
		{5EB8A9D8-3FCB-4EC8-A76C-64185AB70D9F}.QLIB_Debug|Mixed Platforms.ActiveCfg = Debug|Win32
		{5EB8A9D8-3FCB-4EC8-A76C-64185AB70D9F}.QLIB_Debug|Mixed Platforms.Build.0 = Debug|Win32
		{5EB8A9D8-3FCB-4EC8-A76C-64185AB70D9F}.QLIB_Debug|Win32.ActiveCfg = Debug|Win32
		{5EB8A9D8-3FCB-4EC8-A76C-64185AB70D9F}.QLIB_Debug|Win32.Build.0 = Debug|Win32
		{5EB8A9D8-3FCB-4EC8-A76C-64185AB70D9F}.QLIB_Release|Any CPU.ActiveCfg = Release|Win32
		{5EB8A9D8-3FCB-4EC8-A76C-64185AB70D9F}.QLIB_Release|Mixed Platforms.ActiveCfg = Release|Win32
		{5EB8A9D8-3FCB-4EC8-A76C-64185AB70D9F}.QLIB_Release|Mixed Platforms.Build.0 = Release|Win32
		{5EB8A9D8-3FCB-4EC8-A76C-64185AB70D9F}.QLIB_Release|Win32.ActiveCfg = Release|Win32
		{5EB8A9D8-3FCB-4EC8-A76C-64185AB70D9F}.QLIB_Release|Win32.Build.0 = Release|Win32
		{5EB8A9D8-3FCB-4EC8-A76C-64185AB70D9F}.QLIB_SenseID_Debug|Any CPU.ActiveCfg = Debug|Win32
		{5EB8A9D8-3FCB-4EC8-A76C-64185AB70D9F}.QLIB_SenseID_Debug|Mixed Platforms.ActiveCfg = Debug|Win32
		{5EB8A9D8-3FCB-4EC8-A76C-64185AB70D9F}.QLIB_SenseID_Debug|Mixed Platforms.Build.0 = Debug|Win32
		{5EB8A9D8-3FCB-4EC8-A76C-64185AB70D9F}.QLIB_SenseID_Debug|Win32.ActiveCfg = Debug|Win32
		{5EB8A9D8-3FCB-4EC8-A76C-64185AB70D9F}.QLIB_SenseID_Debug|Win32.Build.0 = Debug|Win32
		{5EB8A9D8-3FCB-4EC8-A76C-64185AB70D9F}.QLIB_SenseID_Release|Any CPU.ActiveCfg = Release|Win32
		{5EB8A9D8-3FCB-4EC8-A76C-64185AB70D9F}.QLIB_SenseID_Release|Mixed Platforms.ActiveCfg = Release|Win32
		{5EB8A9D8-3FCB-4EC8-A76C-64185AB70D9F}.QLIB_SenseID_Release|Mixed Platforms.Build.0 = Release|Win32
		{5EB8A9D8-3FCB-4EC8-A76C-64185AB70D9F}.QLIB_SenseID_Release|Win32.ActiveCfg = Release|Win32
		{5EB8A9D8-3FCB-4EC8-A76C-64185AB70D9F}.QLIB_SenseID_Release|Win32.Build.0 = Release|Win32
		{5EB8A9D8-3FCB-4EC8-A76C-64185AB70D9F}.QLIB_Static_Debug_EXE_Runtime|Any CPU.ActiveCfg = Debug|Win32
		{5EB8A9D8-3FCB-4EC8-A76C-64185AB70D9F}.QLIB_Static_Debug_EXE_Runtime|Mixed Platforms.ActiveCfg = Debug|Win32
		{5EB8A9D8-3FCB-4EC8-A76C-64185AB70D9F}.QLIB_Static_Debug_EXE_Runtime|Mixed Platforms.Build.0 = Debug|Win32
		{5EB8A9D8-3FCB-4EC8-A76C-64185AB70D9F}.QLIB_Static_Debug_EXE_Runtime|Win32.ActiveCfg = Debug|Win32
		{5EB8A9D8-3FCB-4EC8-A76C-64185AB70D9F}.QLIB_Static_Debug_EXE_Runtime|Win32.Build.0 = Debug|Win32
		{5EB8A9D8-3FCB-4EC8-A76C-64185AB70D9F}.QLIB_Static_Debug_NoPrebuild|Any CPU.ActiveCfg = Debug|Win32
		{5EB8A9D8-3FCB-4EC8-A76C-64185AB70D9F}.QLIB_Static_Debug_NoPrebuild|Mixed Platforms.ActiveCfg = Debug|Win32
		{5EB8A9D8-3FCB-4EC8-A76C-64185AB70D9F}.QLIB_Static_Debug_NoPrebuild|Mixed Platforms.Build.0 = Debug|Win32
		{5EB8A9D8-3FCB-4EC8-A76C-64185AB70D9F}.QLIB_Static_Debug_NoPrebuild|Win32.ActiveCfg = Debug|Win32
		{5EB8A9D8-3FCB-4EC8-A76C-64185AB70D9F}.QLIB_Static_Debug_NoPrebuild|Win32.Build.0 = Debug|Win32
		{5EB8A9D8-3FCB-4EC8-A76C-64185AB70D9F}.QLIB_Static_Debug|Any CPU.ActiveCfg = Debug|Win32
		{5EB8A9D8-3FCB-4EC8-A76C-64185AB70D9F}.QLIB_Static_Debug|Mixed Platforms.ActiveCfg = Debug|Win32
		{5EB8A9D8-3FCB-4EC8-A76C-64185AB70D9F}.QLIB_Static_Debug|Mixed Platforms.Build.0 = Debug|Win32
		{5EB8A9D8-3FCB-4EC8-A76C-64185AB70D9F}.QLIB_Static_Debug|Win32.ActiveCfg = Debug|Win32
		{5EB8A9D8-3FCB-4EC8-A76C-64185AB70D9F}.QLIB_Static_Debug|Win32.Build.0 = Debug|Win32
		{5EB8A9D8-3FCB-4EC8-A76C-64185AB70D9F}.QLIB_Static_Release_EXE_Runtime|Any CPU.ActiveCfg = Release|Win32
		{5EB8A9D8-3FCB-4EC8-A76C-64185AB70D9F}.QLIB_Static_Release_EXE_Runtime|Mixed Platforms.ActiveCfg = Release|Win32
		{5EB8A9D8-3FCB-4EC8-A76C-64185AB70D9F}.QLIB_Static_Release_EXE_Runtime|Mixed Platforms.Build.0 = Release|Win32
		{5EB8A9D8-3FCB-4EC8-A76C-64185AB70D9F}.QLIB_Static_Release_EXE_Runtime|Win32.ActiveCfg = Release|Win32
		{5EB8A9D8-3FCB-4EC8-A76C-64185AB70D9F}.QLIB_Static_Release_EXE_Runtime|Win32.Build.0 = Release|Win32
		{5EB8A9D8-3FCB-4EC8-A76C-64185AB70D9F}.QLIB_Static_Release|Any CPU.ActiveCfg = Release|Win32
		{5EB8A9D8-3FCB-4EC8-A76C-64185AB70D9F}.QLIB_Static_Release|Mixed Platforms.ActiveCfg = Release|Win32
		{5EB8A9D8-3FCB-4EC8-A76C-64185AB70D9F}.QLIB_Static_Release|Mixed Platforms.Build.0 = Release|Win32
		{5EB8A9D8-3FCB-4EC8-A76C-64185AB70D9F}.QLIB_Static_Release|Win32.ActiveCfg = Release|Win32
		{5EB8A9D8-3FCB-4EC8-A76C-64185AB70D9F}.QLIB_Static_Release|Win32.Build.0 = Release|Win32
		{5EB8A9D8-3FCB-4EC8-A76C-64185AB70D9F}.Release|Any CPU.ActiveCfg = Release|Win32
		{5EB8A9D8-3FCB-4EC8-A76C-64185AB70D9F}.Release|Mixed Platforms.ActiveCfg = Release|Win32
		{5EB8A9D8-3FCB-4EC8-A76C-64185AB70D9F}.Release|Mixed Platforms.Build.0 = Release|Win32
		{5EB8A9D8-3FCB-4EC8-A76C-64185AB70D9F}.Release|Win32.ActiveCfg = Release|Win32
		{5EB8A9D8-3FCB-4EC8-A76C-64185AB70D9F}.Release|Win32.Build.0 = Release|Win32
	EndGlobalSection
	GlobalSection(SolutionProperties) = preSolution
		HideSolutionNode = FALSE
	EndGlobalSection
EndGlobal
